
Microsoft Visual Studio Solution File, Format Version 12.00
# Visual Studio 15
VisualStudioVersion = 15.0.26124.0
MinimumVisualStudioVersion = 15.0.26124.0
Project("{2150E333-8FDC-42A3-9474-1A3956D46DE8}") = "src", "src", "{4E44E162-34BA-43BB-BC83-AD3E402F73C2}"
EndProject
Project("{FAE04EC0-301F-11D3-BF4B-00C04F79EFBC}") = "dotnet-depends", "src\dotnet-depends\dotnet-depends.csproj", "{3BBD5A89-102A-4E3C-9C07-1A6FE5D4EE39}"
EndProject
Project("{2150E333-8FDC-42A3-9474-1A3956D46DE8}") = "tests", "tests", "{4D0D264E-94C4-4DA2-AA4E-E3FA5254D2ED}"
EndProject
Project("{FAE04EC0-301F-11D3-BF4B-00C04F79EFBC}") = "dotnet-depends.Test", "tests\dotnet-depends.Test\dotnet-depends.Test.csproj", "{FB225B44-9BE0-4EC1-B629-B3D37B3D73D0}"
EndProject
Global
	GlobalSection(SolutionConfigurationPlatforms) = preSolution
		Debug|Any CPU = Debug|Any CPU
		Debug|x64 = Debug|x64
		Debug|x86 = Debug|x86
		Release|Any CPU = Release|Any CPU
		Release|x64 = Release|x64
		Release|x86 = Release|x86
	EndGlobalSection
	GlobalSection(SolutionProperties) = preSolution
		HideSolutionNode = FALSE
	EndGlobalSection
	GlobalSection(ProjectConfigurationPlatforms) = postSolution
		{3BBD5A89-102A-4E3C-9C07-1A6FE5D4EE39}.Debug|Any CPU.ActiveCfg = Debug|Any CPU
		{3BBD5A89-102A-4E3C-9C07-1A6FE5D4EE39}.Debug|Any CPU.Build.0 = Debug|Any CPU
		{3BBD5A89-102A-4E3C-9C07-1A6FE5D4EE39}.Debug|x64.ActiveCfg = Debug|Any CPU
		{3BBD5A89-102A-4E3C-9C07-1A6FE5D4EE39}.Debug|x64.Build.0 = Debug|Any CPU
		{3BBD5A89-102A-4E3C-9C07-1A6FE5D4EE39}.Debug|x86.ActiveCfg = Debug|Any CPU
		{3BBD5A89-102A-4E3C-9C07-1A6FE5D4EE39}.Debug|x86.Build.0 = Debug|Any CPU
		{3BBD5A89-102A-4E3C-9C07-1A6FE5D4EE39}.Release|Any CPU.ActiveCfg = Release|Any CPU
		{3BBD5A89-102A-4E3C-9C07-1A6FE5D4EE39}.Release|Any CPU.Build.0 = Release|Any CPU
		{3BBD5A89-102A-4E3C-9C07-1A6FE5D4EE39}.Release|x64.ActiveCfg = Release|Any CPU
		{3BBD5A89-102A-4E3C-9C07-1A6FE5D4EE39}.Release|x64.Build.0 = Release|Any CPU
		{3BBD5A89-102A-4E3C-9C07-1A6FE5D4EE39}.Release|x86.ActiveCfg = Release|Any CPU
		{3BBD5A89-102A-4E3C-9C07-1A6FE5D4EE39}.Release|x86.Build.0 = Release|Any CPU
		{FB225B44-9BE0-4EC1-B629-B3D37B3D73D0}.Debug|Any CPU.ActiveCfg = Debug|Any CPU
		{FB225B44-9BE0-4EC1-B629-B3D37B3D73D0}.Debug|Any CPU.Build.0 = Debug|Any CPU
		{FB225B44-9BE0-4EC1-B629-B3D37B3D73D0}.Debug|x64.ActiveCfg = Debug|Any CPU
		{FB225B44-9BE0-4EC1-B629-B3D37B3D73D0}.Debug|x64.Build.0 = Debug|Any CPU
		{FB225B44-9BE0-4EC1-B629-B3D37B3D73D0}.Debug|x86.ActiveCfg = Debug|Any CPU
		{FB225B44-9BE0-4EC1-B629-B3D37B3D73D0}.Debug|x86.Build.0 = Debug|Any CPU
		{FB225B44-9BE0-4EC1-B629-B3D37B3D73D0}.Release|Any CPU.ActiveCfg = Release|Any CPU
		{FB225B44-9BE0-4EC1-B629-B3D37B3D73D0}.Release|Any CPU.Build.0 = Release|Any CPU
		{FB225B44-9BE0-4EC1-B629-B3D37B3D73D0}.Release|x64.ActiveCfg = Release|Any CPU
		{FB225B44-9BE0-4EC1-B629-B3D37B3D73D0}.Release|x64.Build.0 = Release|Any CPU
		{FB225B44-9BE0-4EC1-B629-B3D37B3D73D0}.Release|x86.ActiveCfg = Release|Any CPU
		{FB225B44-9BE0-4EC1-B629-B3D37B3D73D0}.Release|x86.Build.0 = Release|Any CPU
	EndGlobalSection
	GlobalSection(NestedProjects) = preSolution
		{3BBD5A89-102A-4E3C-9C07-1A6FE5D4EE39} = {4E44E162-34BA-43BB-BC83-AD3E402F73C2}
		{FB225B44-9BE0-4EC1-B629-B3D37B3D73D0} = {4D0D264E-94C4-4DA2-AA4E-E3FA5254D2ED}
	EndGlobalSection
EndGlobal
